
Microsoft Visual Studio Solution File, Format Version 12.00
# Visual Studio 14
VisualStudioVersion = 14.0.23107.0
MinimumVisualStudioVersion = 10.0.40219.1
Project("{F2A71F9B-5D33-465A-A702-920D77279786}") = "FSharpWeb", "FSharpWeb\FSharpWeb.fsproj", "{E4459CD0-F589-45AE-8180-EAB84E3BC50E}"
EndProject
Project("{F2A71F9B-5D33-465A-A702-920D77279786}") = "ConsoleApplication", "ConsoleApplication\ConsoleApplication.fsproj", "{DDF9599F-1772-4C41-98E0-FA1BEF56FED6}"
EndProject
Global
	GlobalSection(SolutionConfigurationPlatforms) = preSolution
		Debug|Any CPU = Debug|Any CPU
		Release|Any CPU = Release|Any CPU
	EndGlobalSection
	GlobalSection(ProjectConfigurationPlatforms) = postSolution
		{E4459CD0-F589-45AE-8180-EAB84E3BC50E}.Debug|Any CPU.ActiveCfg = Debug|Any CPU
		{E4459CD0-F589-45AE-8180-EAB84E3BC50E}.Debug|Any CPU.Build.0 = Debug|Any CPU
		{E4459CD0-F589-45AE-8180-EAB84E3BC50E}.Release|Any CPU.ActiveCfg = Release|Any CPU
		{E4459CD0-F589-45AE-8180-EAB84E3BC50E}.Release|Any CPU.Build.0 = Release|Any CPU
		{DDF9599F-1772-4C41-98E0-FA1BEF56FED6}.Debug|Any CPU.ActiveCfg = Debug|Any CPU
		{DDF9599F-1772-4C41-98E0-FA1BEF56FED6}.Debug|Any CPU.Build.0 = Debug|Any CPU
		{DDF9599F-1772-4C41-98E0-FA1BEF56FED6}.Release|Any CPU.ActiveCfg = Release|Any CPU
		{DDF9599F-1772-4C41-98E0-FA1BEF56FED6}.Release|Any CPU.Build.0 = Release|Any CPU
	EndGlobalSection
	GlobalSection(SolutionProperties) = preSolution
		HideSolutionNode = FALSE
	EndGlobalSection
EndGlobal
